
Microsoft Visual Studio Solution File, Format Version 12.00
Project("{FAE04EC0-301F-11D3-BF4B-00C04F79EFBC}") = "teach", "week03\teach\teach.csproj", "{E4496B03-3AAE-4955-8CF3-CC83DDC741C4}"
EndProject
Global
	GlobalSection(SolutionConfigurationPlatforms) = preSolution
		Debug|Any CPU = Debug|Any CPU
		Release|Any CPU = Release|Any CPU
	EndGlobalSection
	GlobalSection(ProjectConfigurationPlatforms) = postSolution
		{4E301604-259E-4564-8672-8911F1C49D93}.Debug|Any CPU.ActiveCfg = Debug|Any CPU
		{4E301604-259E-4564-8672-8911F1C49D93}.Debug|Any CPU.Build.0 = Debug|Any CPU
		{4E301604-259E-4564-8672-8911F1C49D93}.Release|Any CPU.ActiveCfg = Release|Any CPU
		{4E301604-259E-4564-8672-8911F1C49D93}.Release|Any CPU.Build.0 = Release|Any CPU
		{4E301604-259E-4564-8672-8911F1C49D93}.Debug|Any CPU.Deploy.0 = Debug|Any CPU
		{E4496B03-3AAE-4955-8CF3-CC83DDC741C4}.Debug|Any CPU.ActiveCfg = Debug|Any CPU
		{E4496B03-3AAE-4955-8CF3-CC83DDC741C4}.Debug|Any CPU.Build.0 = Debug|Any CPU
		{E4496B03-3AAE-4955-8CF3-CC83DDC741C4}.Release|Any CPU.ActiveCfg = Release|Any CPU
		{E4496B03-3AAE-4955-8CF3-CC83DDC741C4}.Release|Any CPU.Build.0 = Release|Any CPU
		{939CADCE-07F1-4799-ACBC-2F27976A7EF0}.Debug|Any CPU.ActiveCfg = Debug|Any CPU
		{939CADCE-07F1-4799-ACBC-2F27976A7EF0}.Debug|Any CPU.Build.0 = Debug|Any CPU
		{939CADCE-07F1-4799-ACBC-2F27976A7EF0}.Release|Any CPU.ActiveCfg = Release|Any CPU
		{939CADCE-07F1-4799-ACBC-2F27976A7EF0}.Release|Any CPU.Build.0 = Release|Any CPU
		{D0CE7A83-D093-44DC-B2D2-DB2E6881D347}.Debug|Any CPU.ActiveCfg = Debug|Any CPU
		{D0CE7A83-D093-44DC-B2D2-DB2E6881D347}.Debug|Any CPU.Build.0 = Debug|Any CPU
		{D0CE7A83-D093-44DC-B2D2-DB2E6881D347}.Release|Any CPU.ActiveCfg = Release|Any CPU
		{D0CE7A83-D093-44DC-B2D2-DB2E6881D347}.Release|Any CPU.Build.0 = Release|Any CPU
	EndGlobalSection
EndGlobal
