
Microsoft Visual Studio Solution File, Format Version 12.00
Global
	GlobalSection(SolutionConfigurationPlatforms) = preSolution
		Debug|Any CPU = Debug|Any CPU
		Release|Any CPU = Release|Any CPU
	EndGlobalSection
	GlobalSection(ProjectConfigurationPlatforms) = postSolution
		{4E301604-259E-4564-8672-8911F1C49D93}.Debug|Any CPU.ActiveCfg = Debug|Any CPU
		{4E301604-259E-4564-8672-8911F1C49D93}.Debug|Any CPU.Build.0 = Debug|Any CPU
		{4E301604-259E-4564-8672-8911F1C49D93}.Release|Any CPU.ActiveCfg = Release|Any CPU
		{4E301604-259E-4564-8672-8911F1C49D93}.Release|Any CPU.Build.0 = Release|Any CPU
		{4E301604-259E-4564-8672-8911F1C49D93}.Debug|Any CPU.Deploy.0 = Debug|Any CPU
	EndGlobalSection
EndGlobal
